
Microsoft Visual Studio Solution File, Format Version 12.00
# Visual Studio Version 17
VisualStudioVersion = 17.6.33723.286
MinimumVisualStudioVersion = 10.0.40219.1
Project("{FAE04EC0-301F-11D3-BF4B-00C04F79EFBC}") = "WpfApp1", "WpfApp1\WpfApp1.csproj", "{F8A3ECEE-0BBE-46D6-BCF2-C6AD930AC957}"
EndProject
Global
	GlobalSection(SolutionConfigurationPlatforms) = preSolution
		Debug|Any CPU = Debug|Any CPU
		Release|Any CPU = Release|Any CPU
	EndGlobalSection
	GlobalSection(ProjectConfigurationPlatforms) = postSolution
		{F8A3ECEE-0BBE-46D6-BCF2-C6AD930AC957}.Debug|Any CPU.ActiveCfg = Debug|Any CPU
		{F8A3ECEE-0BBE-46D6-BCF2-C6AD930AC957}.Debug|Any CPU.Build.0 = Debug|Any CPU
		{F8A3ECEE-0BBE-46D6-BCF2-C6AD930AC957}.Release|Any CPU.ActiveCfg = Release|Any CPU
		{F8A3ECEE-0BBE-46D6-BCF2-C6AD930AC957}.Release|Any CPU.Build.0 = Release|Any CPU
	EndGlobalSection
	GlobalSection(SolutionProperties) = preSolution
		HideSolutionNode = FALSE
	EndGlobalSection
	GlobalSection(ExtensibilityGlobals) = postSolution
		SolutionGuid = {723CA511-3520-4133-AC19-69DD1D43AA81}
	EndGlobalSection
EndGlobal
